
Microsoft Visual Studio Solution File, Format Version 12.00
# Visual Studio Version 17
VisualStudioVersion = 17.3.32929.385
MinimumVisualStudioVersion = 10.0.40219.1
Project("{9A19103F-16F7-4668-BE54-9A1E7A4F7556}") = "eLog", "eLog\eLog.csproj", "{149207F6-9AA9-43B0-8779-7AC5F91E8FC5}"
EndProject
Project("{9A19103F-16F7-4668-BE54-9A1E7A4F7556}") = "libeLog", "libeLog\libeLog.csproj", "{24686872-C7C8-42B3-BB97-EB067BC2791F}"
EndProject
Project("{9A19103F-16F7-4668-BE54-9A1E7A4F7556}") = "remeLog", "remeLog\remeLog.csproj", "{29EDF6D2-D5C4-4633-9F6A-4AD8ACF45E2E}"
EndProject
Project("{9A19103F-16F7-4668-BE54-9A1E7A4F7556}") = "neLog", "neLog\neLog.csproj", "{76329B61-2337-457B-B3E9-CE3762312AAE}"
	ProjectSection(ProjectDependencies) = postProject
		{24686872-C7C8-42B3-BB97-EB067BC2791F} = {24686872-C7C8-42B3-BB97-EB067BC2791F}
	EndProjectSection
EndProject
Project("{2150E333-8FDC-42A3-9474-1A3956D46DE8}") = "Solution Items", "Solution Items", "{103C1399-C95B-4B9C-B0F4-A5A885E359F3}"
	ProjectSection(SolutionItems) = preProject
		.editorconfig = .editorconfig
	EndProjectSection
EndProject
Project("{FAE04EC0-301F-11D3-BF4B-00C04F79EFBC}") = "Replacer", "Replacer\Replacer.csproj", "{3EF99EC7-BD1F-4781-BCDF-930D7708629D}"
EndProject
Project("{FAE04EC0-301F-11D3-BF4B-00C04F79EFBC}") = "Vovannum", "Vovannum\Vovannum.csproj", "{BEA0CDAD-AB92-4C3D-88B6-23C9C0EBFBDF}"
	ProjectSection(ProjectDependencies) = postProject
		{24686872-C7C8-42B3-BB97-EB067BC2791F} = {24686872-C7C8-42B3-BB97-EB067BC2791F}
	EndProjectSection
EndProject
Project("{FAE04EC0-301F-11D3-BF4B-00C04F79EFBC}") = "RodCalc", "RodCalc\RodCalc.csproj", "{230D0ED3-AC0E-4729-BE1C-DF67709FA098}"
EndProject
Global
	GlobalSection(SolutionConfigurationPlatforms) = preSolution
		Debug|Any CPU = Debug|Any CPU
		Release|Any CPU = Release|Any CPU
	EndGlobalSection
	GlobalSection(ProjectConfigurationPlatforms) = postSolution
		{149207F6-9AA9-43B0-8779-7AC5F91E8FC5}.Debug|Any CPU.ActiveCfg = Debug|Any CPU
		{149207F6-9AA9-43B0-8779-7AC5F91E8FC5}.Debug|Any CPU.Build.0 = Debug|Any CPU
		{149207F6-9AA9-43B0-8779-7AC5F91E8FC5}.Release|Any CPU.ActiveCfg = Release|Any CPU
		{149207F6-9AA9-43B0-8779-7AC5F91E8FC5}.Release|Any CPU.Build.0 = Release|Any CPU
		{24686872-C7C8-42B3-BB97-EB067BC2791F}.Debug|Any CPU.ActiveCfg = Debug|Any CPU
		{24686872-C7C8-42B3-BB97-EB067BC2791F}.Debug|Any CPU.Build.0 = Debug|Any CPU
		{24686872-C7C8-42B3-BB97-EB067BC2791F}.Release|Any CPU.ActiveCfg = Release|Any CPU
		{24686872-C7C8-42B3-BB97-EB067BC2791F}.Release|Any CPU.Build.0 = Release|Any CPU
		{29EDF6D2-D5C4-4633-9F6A-4AD8ACF45E2E}.Debug|Any CPU.ActiveCfg = Debug|Any CPU
		{29EDF6D2-D5C4-4633-9F6A-4AD8ACF45E2E}.Debug|Any CPU.Build.0 = Debug|Any CPU
		{29EDF6D2-D5C4-4633-9F6A-4AD8ACF45E2E}.Release|Any CPU.ActiveCfg = Release|Any CPU
		{29EDF6D2-D5C4-4633-9F6A-4AD8ACF45E2E}.Release|Any CPU.Build.0 = Release|Any CPU
		{76329B61-2337-457B-B3E9-CE3762312AAE}.Debug|Any CPU.ActiveCfg = Debug|Any CPU
		{76329B61-2337-457B-B3E9-CE3762312AAE}.Debug|Any CPU.Build.0 = Debug|Any CPU
		{76329B61-2337-457B-B3E9-CE3762312AAE}.Release|Any CPU.ActiveCfg = Release|Any CPU
		{76329B61-2337-457B-B3E9-CE3762312AAE}.Release|Any CPU.Build.0 = Release|Any CPU
		{3EF99EC7-BD1F-4781-BCDF-930D7708629D}.Debug|Any CPU.ActiveCfg = Debug|Any CPU
		{3EF99EC7-BD1F-4781-BCDF-930D7708629D}.Debug|Any CPU.Build.0 = Debug|Any CPU
		{3EF99EC7-BD1F-4781-BCDF-930D7708629D}.Release|Any CPU.ActiveCfg = Release|Any CPU
		{3EF99EC7-BD1F-4781-BCDF-930D7708629D}.Release|Any CPU.Build.0 = Release|Any CPU
		{BEA0CDAD-AB92-4C3D-88B6-23C9C0EBFBDF}.Debug|Any CPU.ActiveCfg = Debug|Any CPU
		{BEA0CDAD-AB92-4C3D-88B6-23C9C0EBFBDF}.Debug|Any CPU.Build.0 = Debug|Any CPU
		{BEA0CDAD-AB92-4C3D-88B6-23C9C0EBFBDF}.Release|Any CPU.ActiveCfg = Release|Any CPU
		{BEA0CDAD-AB92-4C3D-88B6-23C9C0EBFBDF}.Release|Any CPU.Build.0 = Release|Any CPU
		{230D0ED3-AC0E-4729-BE1C-DF67709FA098}.Debug|Any CPU.ActiveCfg = Debug|Any CPU
		{230D0ED3-AC0E-4729-BE1C-DF67709FA098}.Debug|Any CPU.Build.0 = Debug|Any CPU
		{230D0ED3-AC0E-4729-BE1C-DF67709FA098}.Release|Any CPU.ActiveCfg = Release|Any CPU
		{230D0ED3-AC0E-4729-BE1C-DF67709FA098}.Release|Any CPU.Build.0 = Release|Any CPU
	EndGlobalSection
	GlobalSection(SolutionProperties) = preSolution
		HideSolutionNode = FALSE
	EndGlobalSection
	GlobalSection(ExtensibilityGlobals) = postSolution
		SolutionGuid = {10AD7827-79D3-4B27-8B26-9C3F686629CD}
	EndGlobalSection
EndGlobal
