
Microsoft Visual Studio Solution File, Format Version 12.00
# Visual Studio Version 17
VisualStudioVersion = 17.3.32929.385
MinimumVisualStudioVersion = 10.0.40219.1
Project("{FAE04EC0-301F-11D3-BF4B-00C04F79EFBC}") = "eLog", "eLog\eLog.csproj", "{149207F6-9AA9-43B0-8779-7AC5F91E8FC5}"
EndProject
Global
	GlobalSection(SolutionConfigurationPlatforms) = preSolution
		Debug|Any CPU = Debug|Any CPU
		Release|Any CPU = Release|Any CPU
	EndGlobalSection
	GlobalSection(ProjectConfigurationPlatforms) = postSolution
		{149207F6-9AA9-43B0-8779-7AC5F91E8FC5}.Debug|Any CPU.ActiveCfg = Debug|Any CPU
		{149207F6-9AA9-43B0-8779-7AC5F91E8FC5}.Debug|Any CPU.Build.0 = Debug|Any CPU
		{149207F6-9AA9-43B0-8779-7AC5F91E8FC5}.Release|Any CPU.ActiveCfg = Release|Any CPU
		{149207F6-9AA9-43B0-8779-7AC5F91E8FC5}.Release|Any CPU.Build.0 = Release|Any CPU
	EndGlobalSection
	GlobalSection(SolutionProperties) = preSolution
		HideSolutionNode = FALSE
	EndGlobalSection
	GlobalSection(ExtensibilityGlobals) = postSolution
		SolutionGuid = {10AD7827-79D3-4B27-8B26-9C3F686629CD}
	EndGlobalSection
EndGlobal
